
Microsoft Visual Studio Solution File, Format Version 12.00
# Visual Studio 15
VisualStudioVersion = 15.0.27004.2008
MinimumVisualStudioVersion = 10.0.40219.1
Project("{9A19103F-16F7-4668-BE54-9A1E7A4F7556}") = "TypesOfMiddleware", "TypesOfMiddleware\TypesOfMiddleware.csproj", "{1DCC40E8-6019-4607-9819-B3A1FD8FBEB7}"
EndProject
Project("{9A19103F-16F7-4668-BE54-9A1E7A4F7556}") = "RoutingMVC6", "RoutingMVC6\RoutingMVC6.csproj", "{393AA227-3376-4A4C-ADCB-54B768850F55}"
EndProject
Project("{9A19103F-16F7-4668-BE54-9A1E7A4F7556}") = "MVC6DemosUnitTest", "MVC6DemosUnitTest\MVC6DemosUnitTest.csproj", "{183C0CB9-511A-4DCE-8293-3C3A987ECC68}"
EndProject
Project("{9A19103F-16F7-4668-BE54-9A1E7A4F7556}") = "JWTAuthenticationSample", "JWTAuthenticationSample\JWTAuthenticationSample.csproj", "{A4B5F51F-245C-46B7-83F0-A463B55DF14F}"
EndProject
Project("{9A19103F-16F7-4668-BE54-9A1E7A4F7556}") = "AdvancedRoutingChp16", "AdvancedRoutingChp16\AdvancedRoutingChp16.csproj", "{424E9463-C31C-4725-8373-6525768B92A2}"
EndProject
Project("{9A19103F-16F7-4668-BE54-9A1E7A4F7556}") = "JWTAuthenticationApi", "JWTAuthenticationApi\JWTAuthenticationApi.csproj", "{918A384D-F0CE-491B-B503-F48D2D96B38C}"
EndProject
Project("{9A19103F-16F7-4668-BE54-9A1E7A4F7556}") = "DependencyInjectionChp18", "DependencyInjectionChp18\DependencyInjectionChp18.csproj", "{5FD969FD-C9A3-4DE8-9405-A8461D17961F}"
EndProject
Project("{9A19103F-16F7-4668-BE54-9A1E7A4F7556}") = "LoggingConfigDemo", "LoggingConfigDemo\LoggingConfigDemo.csproj", "{7BE4C56E-5947-47E0-A382-9488801886C5}"
EndProject
Project("{9A19103F-16F7-4668-BE54-9A1E7A4F7556}") = "IdentityTestApi", "IdentityTestApi\IdentityTestApi.csproj", "{C437AE44-2779-40F1-9FBC-65912E323AD4}"
EndProject
Project("{9A19103F-16F7-4668-BE54-9A1E7A4F7556}") = "MvcVsMvcCore", "MvcVsMvcCore\MvcVsMvcCore.csproj", "{D5C66F24-1069-43EB-A1A5-B473CF8EC02F}"
EndProject
Project("{9A19103F-16F7-4668-BE54-9A1E7A4F7556}") = "IdentityOpenIdAuthentication", "IdentityOpenIdAuthentication\IdentityOpenIdAuthentication.csproj", "{73B086E6-60A1-4547-B0D7-CCFCBE4D25D9}"
EndProject
Project("{FAE04EC0-301F-11D3-BF4B-00C04F79EFBC}") = "ApiDemosChp20", "ApiDemosChp20\ApiDemosChp20.csproj", "{DACB5EEE-E107-4A75-ABE2-D48E502F3F16}"
EndProject
Global
	GlobalSection(SolutionConfigurationPlatforms) = preSolution
		Debug|Any CPU = Debug|Any CPU
		Release|Any CPU = Release|Any CPU
	EndGlobalSection
	GlobalSection(ProjectConfigurationPlatforms) = postSolution
		{1DCC40E8-6019-4607-9819-B3A1FD8FBEB7}.Debug|Any CPU.ActiveCfg = Debug|Any CPU
		{1DCC40E8-6019-4607-9819-B3A1FD8FBEB7}.Debug|Any CPU.Build.0 = Debug|Any CPU
		{1DCC40E8-6019-4607-9819-B3A1FD8FBEB7}.Release|Any CPU.ActiveCfg = Release|Any CPU
		{1DCC40E8-6019-4607-9819-B3A1FD8FBEB7}.Release|Any CPU.Build.0 = Release|Any CPU
		{393AA227-3376-4A4C-ADCB-54B768850F55}.Debug|Any CPU.ActiveCfg = Debug|Any CPU
		{393AA227-3376-4A4C-ADCB-54B768850F55}.Debug|Any CPU.Build.0 = Debug|Any CPU
		{393AA227-3376-4A4C-ADCB-54B768850F55}.Release|Any CPU.ActiveCfg = Release|Any CPU
		{393AA227-3376-4A4C-ADCB-54B768850F55}.Release|Any CPU.Build.0 = Release|Any CPU
		{183C0CB9-511A-4DCE-8293-3C3A987ECC68}.Debug|Any CPU.ActiveCfg = Debug|Any CPU
		{183C0CB9-511A-4DCE-8293-3C3A987ECC68}.Debug|Any CPU.Build.0 = Debug|Any CPU
		{183C0CB9-511A-4DCE-8293-3C3A987ECC68}.Release|Any CPU.ActiveCfg = Release|Any CPU
		{183C0CB9-511A-4DCE-8293-3C3A987ECC68}.Release|Any CPU.Build.0 = Release|Any CPU
		{A4B5F51F-245C-46B7-83F0-A463B55DF14F}.Debug|Any CPU.ActiveCfg = Debug|Any CPU
		{A4B5F51F-245C-46B7-83F0-A463B55DF14F}.Debug|Any CPU.Build.0 = Debug|Any CPU
		{A4B5F51F-245C-46B7-83F0-A463B55DF14F}.Release|Any CPU.ActiveCfg = Release|Any CPU
		{A4B5F51F-245C-46B7-83F0-A463B55DF14F}.Release|Any CPU.Build.0 = Release|Any CPU
		{424E9463-C31C-4725-8373-6525768B92A2}.Debug|Any CPU.ActiveCfg = Debug|Any CPU
		{424E9463-C31C-4725-8373-6525768B92A2}.Debug|Any CPU.Build.0 = Debug|Any CPU
		{424E9463-C31C-4725-8373-6525768B92A2}.Release|Any CPU.ActiveCfg = Release|Any CPU
		{424E9463-C31C-4725-8373-6525768B92A2}.Release|Any CPU.Build.0 = Release|Any CPU
		{918A384D-F0CE-491B-B503-F48D2D96B38C}.Debug|Any CPU.ActiveCfg = Debug|Any CPU
		{918A384D-F0CE-491B-B503-F48D2D96B38C}.Debug|Any CPU.Build.0 = Debug|Any CPU
		{918A384D-F0CE-491B-B503-F48D2D96B38C}.Release|Any CPU.ActiveCfg = Release|Any CPU
		{918A384D-F0CE-491B-B503-F48D2D96B38C}.Release|Any CPU.Build.0 = Release|Any CPU
		{5FD969FD-C9A3-4DE8-9405-A8461D17961F}.Debug|Any CPU.ActiveCfg = Debug|Any CPU
		{5FD969FD-C9A3-4DE8-9405-A8461D17961F}.Debug|Any CPU.Build.0 = Debug|Any CPU
		{5FD969FD-C9A3-4DE8-9405-A8461D17961F}.Release|Any CPU.ActiveCfg = Release|Any CPU
		{5FD969FD-C9A3-4DE8-9405-A8461D17961F}.Release|Any CPU.Build.0 = Release|Any CPU
		{7BE4C56E-5947-47E0-A382-9488801886C5}.Debug|Any CPU.ActiveCfg = Debug|Any CPU
		{7BE4C56E-5947-47E0-A382-9488801886C5}.Debug|Any CPU.Build.0 = Debug|Any CPU
		{7BE4C56E-5947-47E0-A382-9488801886C5}.Release|Any CPU.ActiveCfg = Release|Any CPU
		{7BE4C56E-5947-47E0-A382-9488801886C5}.Release|Any CPU.Build.0 = Release|Any CPU
		{C437AE44-2779-40F1-9FBC-65912E323AD4}.Debug|Any CPU.ActiveCfg = Debug|Any CPU
		{C437AE44-2779-40F1-9FBC-65912E323AD4}.Debug|Any CPU.Build.0 = Debug|Any CPU
		{C437AE44-2779-40F1-9FBC-65912E323AD4}.Release|Any CPU.ActiveCfg = Release|Any CPU
		{C437AE44-2779-40F1-9FBC-65912E323AD4}.Release|Any CPU.Build.0 = Release|Any CPU
		{D5C66F24-1069-43EB-A1A5-B473CF8EC02F}.Debug|Any CPU.ActiveCfg = Debug|Any CPU
		{D5C66F24-1069-43EB-A1A5-B473CF8EC02F}.Debug|Any CPU.Build.0 = Debug|Any CPU
		{D5C66F24-1069-43EB-A1A5-B473CF8EC02F}.Release|Any CPU.ActiveCfg = Release|Any CPU
		{D5C66F24-1069-43EB-A1A5-B473CF8EC02F}.Release|Any CPU.Build.0 = Release|Any CPU
		{73B086E6-60A1-4547-B0D7-CCFCBE4D25D9}.Debug|Any CPU.ActiveCfg = Debug|Any CPU
		{73B086E6-60A1-4547-B0D7-CCFCBE4D25D9}.Debug|Any CPU.Build.0 = Debug|Any CPU
		{73B086E6-60A1-4547-B0D7-CCFCBE4D25D9}.Release|Any CPU.ActiveCfg = Release|Any CPU
		{73B086E6-60A1-4547-B0D7-CCFCBE4D25D9}.Release|Any CPU.Build.0 = Release|Any CPU
		{DACB5EEE-E107-4A75-ABE2-D48E502F3F16}.Debug|Any CPU.ActiveCfg = Debug|Any CPU
		{DACB5EEE-E107-4A75-ABE2-D48E502F3F16}.Debug|Any CPU.Build.0 = Debug|Any CPU
		{DACB5EEE-E107-4A75-ABE2-D48E502F3F16}.Release|Any CPU.ActiveCfg = Release|Any CPU
		{DACB5EEE-E107-4A75-ABE2-D48E502F3F16}.Release|Any CPU.Build.0 = Release|Any CPU
	EndGlobalSection
	GlobalSection(SolutionProperties) = preSolution
		HideSolutionNode = FALSE
	EndGlobalSection
	GlobalSection(ExtensibilityGlobals) = postSolution
		SolutionGuid = {4D903EAE-FA74-45CC-B866-298235033A12}
	EndGlobalSection
EndGlobal
